
Microsoft Visual Studio Solution File, Format Version 12.00
# Visual Studio Version 17
VisualStudioVersion = 17.1.32421.90
MinimumVisualStudioVersion = 10.0.40219.1
Project("{9A19103F-16F7-4668-BE54-9A1E7A4F7556}") = "NoteTakingApp", "NoteTakingApp\NoteTakingApp.csproj", "{E747C562-9988-4320-B86C-40D97ADB3680}"
EndProject
Global
	GlobalSection(SolutionConfigurationPlatforms) = preSolution
		Debug|Any CPU = Debug|Any CPU
		Debug|x86 = Debug|x86
		Release|Any CPU = Release|Any CPU
		Release|x86 = Release|x86
	EndGlobalSection
	GlobalSection(ProjectConfigurationPlatforms) = postSolution
		{E747C562-9988-4320-B86C-40D97ADB3680}.Debug|Any CPU.ActiveCfg = Debug|Any CPU
		{E747C562-9988-4320-B86C-40D97ADB3680}.Debug|Any CPU.Build.0 = Debug|Any CPU
		{E747C562-9988-4320-B86C-40D97ADB3680}.Debug|x86.ActiveCfg = Debug|x86
		{E747C562-9988-4320-B86C-40D97ADB3680}.Debug|x86.Build.0 = Debug|x86
		{E747C562-9988-4320-B86C-40D97ADB3680}.Release|Any CPU.ActiveCfg = Release|Any CPU
		{E747C562-9988-4320-B86C-40D97ADB3680}.Release|Any CPU.Build.0 = Release|Any CPU
		{E747C562-9988-4320-B86C-40D97ADB3680}.Release|x86.ActiveCfg = Release|x86
		{E747C562-9988-4320-B86C-40D97ADB3680}.Release|x86.Build.0 = Release|x86
	EndGlobalSection
	GlobalSection(SolutionProperties) = preSolution
		HideSolutionNode = FALSE
	EndGlobalSection
	GlobalSection(ExtensibilityGlobals) = postSolution
		SolutionGuid = {6F76A663-6E0F-4916-9F85-03524E914E65}
	EndGlobalSection
EndGlobal
